
Microsoft Visual Studio Solution File, Format Version 12.00
# Visual Studio Version 16
VisualStudioVersion = 16.0.31205.134
MinimumVisualStudioVersion = 10.0.40219.1
Project("{FAE04EC0-301F-11D3-BF4B-00C04F79EFBC}") = "Triage.Api", "Triage.Api\Triage.Api.csproj", "{65078565-04AC-42CF-B596-5672EA6169E2}"
EndProject
Project("{FAE04EC0-301F-11D3-BF4B-00C04F79EFBC}") = "Middlewares", "Middlewares\Middlewares.csproj", "{459D32D6-532B-4B36-B5A0-173080CEE099}"
EndProject
Project("{FAE04EC0-301F-11D3-BF4B-00C04F79EFBC}") = "Models", "Models\Models.csproj", "{FD71BF15-7CC1-4720-8438-87B07DFC2D94}"
EndProject
Project("{FAE04EC0-301F-11D3-BF4B-00C04F79EFBC}") = "MongoDB", "MongoDB\MongoDB.csproj", "{0AAD9C08-611E-4ADE-80E5-45CF9BEFC34F}"
EndProject
Project("{FAE04EC0-301F-11D3-BF4B-00C04F79EFBC}") = "Utility", "Utility\Utility.csproj", "{7176A34D-1102-4D72-AEE6-6F482DA20172}"
EndProject
Project("{FAE04EC0-301F-11D3-BF4B-00C04F79EFBC}") = "Services", "Services\Services.csproj", "{8921A899-BD2F-42B7-8C2A-844C6B8465D8}"
EndProject
Global
	GlobalSection(SolutionConfigurationPlatforms) = preSolution
		Debug|Any CPU = Debug|Any CPU
		Release|Any CPU = Release|Any CPU
	EndGlobalSection
	GlobalSection(ProjectConfigurationPlatforms) = postSolution
		{65078565-04AC-42CF-B596-5672EA6169E2}.Debug|Any CPU.ActiveCfg = Debug|Any CPU
		{65078565-04AC-42CF-B596-5672EA6169E2}.Debug|Any CPU.Build.0 = Debug|Any CPU
		{65078565-04AC-42CF-B596-5672EA6169E2}.Release|Any CPU.ActiveCfg = Release|Any CPU
		{65078565-04AC-42CF-B596-5672EA6169E2}.Release|Any CPU.Build.0 = Release|Any CPU
		{459D32D6-532B-4B36-B5A0-173080CEE099}.Debug|Any CPU.ActiveCfg = Debug|Any CPU
		{459D32D6-532B-4B36-B5A0-173080CEE099}.Debug|Any CPU.Build.0 = Debug|Any CPU
		{459D32D6-532B-4B36-B5A0-173080CEE099}.Release|Any CPU.ActiveCfg = Release|Any CPU
		{459D32D6-532B-4B36-B5A0-173080CEE099}.Release|Any CPU.Build.0 = Release|Any CPU
		{FD71BF15-7CC1-4720-8438-87B07DFC2D94}.Debug|Any CPU.ActiveCfg = Debug|Any CPU
		{FD71BF15-7CC1-4720-8438-87B07DFC2D94}.Debug|Any CPU.Build.0 = Debug|Any CPU
		{FD71BF15-7CC1-4720-8438-87B07DFC2D94}.Release|Any CPU.ActiveCfg = Release|Any CPU
		{FD71BF15-7CC1-4720-8438-87B07DFC2D94}.Release|Any CPU.Build.0 = Release|Any CPU
		{0AAD9C08-611E-4ADE-80E5-45CF9BEFC34F}.Debug|Any CPU.ActiveCfg = Debug|Any CPU
		{0AAD9C08-611E-4ADE-80E5-45CF9BEFC34F}.Debug|Any CPU.Build.0 = Debug|Any CPU
		{0AAD9C08-611E-4ADE-80E5-45CF9BEFC34F}.Release|Any CPU.ActiveCfg = Release|Any CPU
		{0AAD9C08-611E-4ADE-80E5-45CF9BEFC34F}.Release|Any CPU.Build.0 = Release|Any CPU
		{7176A34D-1102-4D72-AEE6-6F482DA20172}.Debug|Any CPU.ActiveCfg = Debug|Any CPU
		{7176A34D-1102-4D72-AEE6-6F482DA20172}.Debug|Any CPU.Build.0 = Debug|Any CPU
		{7176A34D-1102-4D72-AEE6-6F482DA20172}.Release|Any CPU.ActiveCfg = Release|Any CPU
		{7176A34D-1102-4D72-AEE6-6F482DA20172}.Release|Any CPU.Build.0 = Release|Any CPU
		{8921A899-BD2F-42B7-8C2A-844C6B8465D8}.Debug|Any CPU.ActiveCfg = Debug|Any CPU
		{8921A899-BD2F-42B7-8C2A-844C6B8465D8}.Debug|Any CPU.Build.0 = Debug|Any CPU
		{8921A899-BD2F-42B7-8C2A-844C6B8465D8}.Release|Any CPU.ActiveCfg = Release|Any CPU
		{8921A899-BD2F-42B7-8C2A-844C6B8465D8}.Release|Any CPU.Build.0 = Release|Any CPU
	EndGlobalSection
	GlobalSection(SolutionProperties) = preSolution
		HideSolutionNode = FALSE
	EndGlobalSection
	GlobalSection(ExtensibilityGlobals) = postSolution
		SolutionGuid = {6C948754-6ED2-4B25-B456-E2FCC5B1976A}
	EndGlobalSection
EndGlobal
